
Microsoft Visual Studio Solution File, Format Version 12.00
# Visual Studio 14
VisualStudioVersion = 14.0.24720.0
MinimumVisualStudioVersion = 10.0.40219.1
Project("{FAE04EC0-301F-11D3-BF4B-00C04F79EFBC}") = "Artificial", "artificial\Artificial.csproj", "{AB68BC8F-A86C-48C2-B9E3-BBD72D15C6C7}"
EndProject
Project("{FAE04EC0-301F-11D3-BF4B-00C04F79EFBC}") = "ArtificialTest", "ArtificialTest\ArtificialTest.csproj", "{AE3A5902-CE1C-4752-98F3-A5A43544E2CF}"
EndProject
Project("{FAE04EC0-301F-11D3-BF4B-00C04F79EFBC}") = "ArtificialGUI", "ArtificialGUI\ArtificialGUI.csproj", "{706A31E7-0AE5-41F0-BCC5-CCB6D46E2911}"
EndProject
Global
	GlobalSection(SolutionConfigurationPlatforms) = preSolution
		Debug|Any CPU = Debug|Any CPU
		Release|Any CPU = Release|Any CPU
	EndGlobalSection
	GlobalSection(ProjectConfigurationPlatforms) = postSolution
		{AB68BC8F-A86C-48C2-B9E3-BBD72D15C6C7}.Debug|Any CPU.ActiveCfg = Debug|Any CPU
		{AB68BC8F-A86C-48C2-B9E3-BBD72D15C6C7}.Debug|Any CPU.Build.0 = Debug|Any CPU
		{AB68BC8F-A86C-48C2-B9E3-BBD72D15C6C7}.Release|Any CPU.ActiveCfg = Release|Any CPU
		{AB68BC8F-A86C-48C2-B9E3-BBD72D15C6C7}.Release|Any CPU.Build.0 = Release|Any CPU
		{AE3A5902-CE1C-4752-98F3-A5A43544E2CF}.Debug|Any CPU.ActiveCfg = Debug|Any CPU
		{AE3A5902-CE1C-4752-98F3-A5A43544E2CF}.Debug|Any CPU.Build.0 = Debug|Any CPU
		{AE3A5902-CE1C-4752-98F3-A5A43544E2CF}.Release|Any CPU.ActiveCfg = Release|Any CPU
		{AE3A5902-CE1C-4752-98F3-A5A43544E2CF}.Release|Any CPU.Build.0 = Release|Any CPU
		{706A31E7-0AE5-41F0-BCC5-CCB6D46E2911}.Debug|Any CPU.ActiveCfg = Debug|Any CPU
		{706A31E7-0AE5-41F0-BCC5-CCB6D46E2911}.Debug|Any CPU.Build.0 = Debug|Any CPU
		{706A31E7-0AE5-41F0-BCC5-CCB6D46E2911}.Release|Any CPU.ActiveCfg = Release|Any CPU
		{706A31E7-0AE5-41F0-BCC5-CCB6D46E2911}.Release|Any CPU.Build.0 = Release|Any CPU
	EndGlobalSection
	GlobalSection(SolutionProperties) = preSolution
		HideSolutionNode = FALSE
	EndGlobalSection
EndGlobal
